{
  "name": "electron-react-boilerplate",
  "version": "1.0.0",
  "lockfileVersion": 1,
  "requires": true,
  "dependencies": {
    "http": {
      "version": "0.0.0",
      "resolved": "https://registry.npmjs.org/http/-/http-0.0.0.tgz",
      "integrity": "sha1-huYybSnF0Dnen6xYSkVon5KfT3I="
    },
    "slack": {
      "version": "11.0.0",
      "resolved": "https://registry.npmjs.org/slack/-/slack-11.0.0.tgz",
      "integrity": "sha512-GSu9DgFftK89U+mXUCTZZmBvpEfnTTGoUgXNtjrUfVvQ4+lHRWgtM2GU0Oqc3sMQ9tQz4e3+3eC5NPEcXyjq/A==",
      "requires": {
        "tiny-json-http": "7.0.0"
      }
    },
    "tiny-json-http": {
      "version": "7.0.0",
      "resolved": "https://registry.npmjs.org/tiny-json-http/-/tiny-json-http-7.0.0.tgz",
      "integrity": "sha512-g3S2RiSmoZDJOMDTX6uj8GjVsiH4s0W0tb1YKYARoP4cosgIb4CB2i7Cdzn9UJqOrI1b1aNK+cgScPx4TwolQg=="
    }
  }
}
